
Microsoft Visual Studio Solution File, Format Version 12.00
# Visual Studio 15
VisualStudioVersion = 15.0.28307.902
MinimumVisualStudioVersion = 10.0.40219.1
Project("{8BC9CEB8-8B4A-11D0-8D11-00A0C91BC942}") = "C-Strings", "C-Strings\C-Strings.vcxproj", "{B007CE6C-8F10-4096-815C-15BA54645C32}"
EndProject
Global
	GlobalSection(SolutionConfigurationPlatforms) = preSolution
		Debug|x64 = Debug|x64
		Debug|x86 = Debug|x86
		Release|x64 = Release|x64
		Release|x86 = Release|x86
	EndGlobalSection
	GlobalSection(ProjectConfigurationPlatforms) = postSolution
		{B007CE6C-8F10-4096-815C-15BA54645C32}.Debug|x64.ActiveCfg = Debug|x64
		{B007CE6C-8F10-4096-815C-15BA54645C32}.Debug|x64.Build.0 = Debug|x64
		{B007CE6C-8F10-4096-815C-15BA54645C32}.Debug|x86.ActiveCfg = Debug|Win32
		{B007CE6C-8F10-4096-815C-15BA54645C32}.Debug|x86.Build.0 = Debug|Win32
		{B007CE6C-8F10-4096-815C-15BA54645C32}.Release|x64.ActiveCfg = Release|x64
		{B007CE6C-8F10-4096-815C-15BA54645C32}.Release|x64.Build.0 = Release|x64
		{B007CE6C-8F10-4096-815C-15BA54645C32}.Release|x86.ActiveCfg = Release|Win32
		{B007CE6C-8F10-4096-815C-15BA54645C32}.Release|x86.Build.0 = Release|Win32
	EndGlobalSection
	GlobalSection(SolutionProperties) = preSolution
		HideSolutionNode = FALSE
	EndGlobalSection
	GlobalSection(ExtensibilityGlobals) = postSolution
		SolutionGuid = {92A7DEB2-363D-4DFB-BED4-49A960EF4290}
	EndGlobalSection
EndGlobal
